
Microsoft Visual Studio Solution File, Format Version 12.00
# Visual Studio Version 17
VisualStudioVersion = 17.14.36212.18 d17.14
MinimumVisualStudioVersion = 10.0.40219.1
Project("{FAE04EC0-301F-11D3-BF4B-00C04F79EFBC}") = "Server", "Server.csproj", "{629FC24B-5309-46B9-A0B8-70B1BB6B4F95}"
EndProject
Project("{FAE04EC0-301F-11D3-BF4B-00C04F79EFBC}") = "Client", "..\Client\Client.csproj", "{5DD4E0D6-C322-4B37-B409-AED8167D5701}"
EndProject
Global
	GlobalSection(SolutionConfigurationPlatforms) = preSolution
		Debug|Any CPU = Debug|Any CPU
		Release|Any CPU = Release|Any CPU
	EndGlobalSection
	GlobalSection(ProjectConfigurationPlatforms) = postSolution
		{629FC24B-5309-46B9-A0B8-70B1BB6B4F95}.Debug|Any CPU.ActiveCfg = Debug|Any CPU
		{629FC24B-5309-46B9-A0B8-70B1BB6B4F95}.Debug|Any CPU.Build.0 = Debug|Any CPU
		{629FC24B-5309-46B9-A0B8-70B1BB6B4F95}.Release|Any CPU.ActiveCfg = Release|Any CPU
		{629FC24B-5309-46B9-A0B8-70B1BB6B4F95}.Release|Any CPU.Build.0 = Release|Any CPU
		{5DD4E0D6-C322-4B37-B409-AED8167D5701}.Debug|Any CPU.ActiveCfg = Debug|Any CPU
		{5DD4E0D6-C322-4B37-B409-AED8167D5701}.Debug|Any CPU.Build.0 = Debug|Any CPU
		{5DD4E0D6-C322-4B37-B409-AED8167D5701}.Release|Any CPU.ActiveCfg = Release|Any CPU
		{5DD4E0D6-C322-4B37-B409-AED8167D5701}.Release|Any CPU.Build.0 = Release|Any CPU
	EndGlobalSection
	GlobalSection(SolutionProperties) = preSolution
		HideSolutionNode = FALSE
	EndGlobalSection
	GlobalSection(ExtensibilityGlobals) = postSolution
		SolutionGuid = {7FEDF8A9-819D-4A81-A9FC-5ABF2DCB14B0}
	EndGlobalSection
EndGlobal
